
Microsoft Visual Studio Solution File, Format Version 12.00
# Visual Studio Version 17
VisualStudioVersion = 17.0.31903.59
MinimumVisualStudioVersion = 10.0.40219.1
Project("{FAE04EC0-301F-11D3-BF4B-00C04F79EFBC}") = "Exemple", "Exemple\Exemple.csproj", "{CA18113D-496A-46A7-8FBA-C7034554429A}"
EndProject
Project("{FAE04EC0-301F-11D3-BF4B-00C04F79EFBC}") = "QuickLog.net", "QuickLog.net\QuickLog.net.csproj", "{C444E09E-13F9-4E74-8D64-095597A284BC}"
EndProject
Global
	GlobalSection(SolutionConfigurationPlatforms) = preSolution
		Debug|Any CPU = Debug|Any CPU
		Debug|x64 = Debug|x64
		Debug|x86 = Debug|x86
		Release|Any CPU = Release|Any CPU
		Release|x64 = Release|x64
		Release|x86 = Release|x86
	EndGlobalSection
	GlobalSection(ProjectConfigurationPlatforms) = postSolution
		{CA18113D-496A-46A7-8FBA-C7034554429A}.Debug|Any CPU.ActiveCfg = Debug|Any CPU
		{CA18113D-496A-46A7-8FBA-C7034554429A}.Debug|Any CPU.Build.0 = Debug|Any CPU
		{CA18113D-496A-46A7-8FBA-C7034554429A}.Debug|x64.ActiveCfg = Debug|Any CPU
		{CA18113D-496A-46A7-8FBA-C7034554429A}.Debug|x64.Build.0 = Debug|Any CPU
		{CA18113D-496A-46A7-8FBA-C7034554429A}.Debug|x86.ActiveCfg = Debug|Any CPU
		{CA18113D-496A-46A7-8FBA-C7034554429A}.Debug|x86.Build.0 = Debug|Any CPU
		{CA18113D-496A-46A7-8FBA-C7034554429A}.Release|Any CPU.ActiveCfg = Release|Any CPU
		{CA18113D-496A-46A7-8FBA-C7034554429A}.Release|Any CPU.Build.0 = Release|Any CPU
		{CA18113D-496A-46A7-8FBA-C7034554429A}.Release|x64.ActiveCfg = Release|Any CPU
		{CA18113D-496A-46A7-8FBA-C7034554429A}.Release|x64.Build.0 = Release|Any CPU
		{CA18113D-496A-46A7-8FBA-C7034554429A}.Release|x86.ActiveCfg = Release|Any CPU
		{CA18113D-496A-46A7-8FBA-C7034554429A}.Release|x86.Build.0 = Release|Any CPU
		{C444E09E-13F9-4E74-8D64-095597A284BC}.Debug|Any CPU.ActiveCfg = Debug|Any CPU
		{C444E09E-13F9-4E74-8D64-095597A284BC}.Debug|Any CPU.Build.0 = Debug|Any CPU
		{C444E09E-13F9-4E74-8D64-095597A284BC}.Debug|x64.ActiveCfg = Debug|Any CPU
		{C444E09E-13F9-4E74-8D64-095597A284BC}.Debug|x64.Build.0 = Debug|Any CPU
		{C444E09E-13F9-4E74-8D64-095597A284BC}.Debug|x86.ActiveCfg = Debug|Any CPU
		{C444E09E-13F9-4E74-8D64-095597A284BC}.Debug|x86.Build.0 = Debug|Any CPU
		{C444E09E-13F9-4E74-8D64-095597A284BC}.Release|Any CPU.ActiveCfg = Release|Any CPU
		{C444E09E-13F9-4E74-8D64-095597A284BC}.Release|Any CPU.Build.0 = Release|Any CPU
		{C444E09E-13F9-4E74-8D64-095597A284BC}.Release|x64.ActiveCfg = Release|Any CPU
		{C444E09E-13F9-4E74-8D64-095597A284BC}.Release|x64.Build.0 = Release|Any CPU
		{C444E09E-13F9-4E74-8D64-095597A284BC}.Release|x86.ActiveCfg = Release|Any CPU
		{C444E09E-13F9-4E74-8D64-095597A284BC}.Release|x86.Build.0 = Release|Any CPU
	EndGlobalSection
	GlobalSection(SolutionProperties) = preSolution
		HideSolutionNode = FALSE
	EndGlobalSection
EndGlobal
